
Microsoft Visual Studio Solution File, Format Version 12.00
# Visual Studio Version 16
VisualStudioVersion = 16.0.30021.99
MinimumVisualStudioVersion = 10.0.40219.1
Project("{2150E333-8FDC-42A3-9474-1A3956D46DE8}") = ".config", ".config", "{081358BF-91D8-4804-B33A-6E50B64930BE}"
	ProjectSection(SolutionItems) = preProject
		.editorconfig = .editorconfig
		.env = .env
		.gitattributes = .gitattributes
		.gitignore = .gitignore
		src\Project\Common\sitecore\App_Config\Environment\CoreyAndRick.Project.Common.Dev.config = src\Project\Common\sitecore\App_Config\Environment\CoreyAndRick.Project.Common.Dev.config
		docker-compose.yml = docker-compose.yml
		NuGet.config = NuGet.config
		PublishSettings.Sitecore.targets = PublishSettings.Sitecore.targets
		README.md = README.md
	EndProjectSection
EndProject
Project("{2150E333-8FDC-42A3-9474-1A3956D46DE8}") = "Project", "Project", "{7919272A-8DBC-494C-9DEA-E57970088106}"
EndProject
Project("{2150E333-8FDC-42A3-9474-1A3956D46DE8}") = "Common", "Common", "{FF52C080-2930-4607-8D02-B1A7DC4B5BB8}"
EndProject
Project("{FAE04EC0-301F-11D3-BF4B-00C04F79EFBC}") = "CoreyAndRick.Project.Common", "src\Project\Common\sitecore\CoreyAndRick.Project.Common.csproj", "{9A822058-CE1D-4A67-8A3C-7F3F6DC24F25}"
EndProject
Project("{2150E333-8FDC-42A3-9474-1A3956D46DE8}") = "Foundation", "Foundation", "{73454AE0-3C20-4F94-AB84-CCF0DDB35C0C}"
EndProject
Project("{2150E333-8FDC-42A3-9474-1A3956D46DE8}") = "Serialization", "Serialization", "{8663909E-03E8-4D64-8094-4CF61E4CCD71}"
EndProject
Project("{FAE04EC0-301F-11D3-BF4B-00C04F79EFBC}") = "CoreyAndRick.Foundation.Serialization", "src\Foundation\Serialization\sitecore\CoreyAndRick.Foundation.Serialization.csproj", "{06CBF6AB-5261-4858-887D-6D299919C99B}"
EndProject
Global
	GlobalSection(SolutionConfigurationPlatforms) = preSolution
		Debug|Any CPU = Debug|Any CPU
		Docker|Any CPU = Docker|Any CPU
		Release|Any CPU = Release|Any CPU
	EndGlobalSection
	GlobalSection(ProjectConfigurationPlatforms) = postSolution
		{9A822058-CE1D-4A67-8A3C-7F3F6DC24F25}.Debug|Any CPU.ActiveCfg = Debug|Any CPU
		{9A822058-CE1D-4A67-8A3C-7F3F6DC24F25}.Debug|Any CPU.Build.0 = Debug|Any CPU
		{9A822058-CE1D-4A67-8A3C-7F3F6DC24F25}.Docker|Any CPU.ActiveCfg = Docker|Any CPU
		{9A822058-CE1D-4A67-8A3C-7F3F6DC24F25}.Docker|Any CPU.Build.0 = Docker|Any CPU
		{9A822058-CE1D-4A67-8A3C-7F3F6DC24F25}.Release|Any CPU.ActiveCfg = Release|Any CPU
		{9A822058-CE1D-4A67-8A3C-7F3F6DC24F25}.Release|Any CPU.Build.0 = Release|Any CPU
		{06CBF6AB-5261-4858-887D-6D299919C99B}.Debug|Any CPU.ActiveCfg = Debug|Any CPU
		{06CBF6AB-5261-4858-887D-6D299919C99B}.Debug|Any CPU.Build.0 = Debug|Any CPU
		{06CBF6AB-5261-4858-887D-6D299919C99B}.Docker|Any CPU.ActiveCfg = Debug|Any CPU
		{06CBF6AB-5261-4858-887D-6D299919C99B}.Docker|Any CPU.Build.0 = Debug|Any CPU
		{06CBF6AB-5261-4858-887D-6D299919C99B}.Release|Any CPU.ActiveCfg = Release|Any CPU
		{06CBF6AB-5261-4858-887D-6D299919C99B}.Release|Any CPU.Build.0 = Release|Any CPU
	EndGlobalSection
	GlobalSection(SolutionProperties) = preSolution
		HideSolutionNode = FALSE
	EndGlobalSection
	GlobalSection(NestedProjects) = preSolution
		{FF52C080-2930-4607-8D02-B1A7DC4B5BB8} = {7919272A-8DBC-494C-9DEA-E57970088106}
		{9A822058-CE1D-4A67-8A3C-7F3F6DC24F25} = {FF52C080-2930-4607-8D02-B1A7DC4B5BB8}
		{8663909E-03E8-4D64-8094-4CF61E4CCD71} = {73454AE0-3C20-4F94-AB84-CCF0DDB35C0C}
		{06CBF6AB-5261-4858-887D-6D299919C99B} = {8663909E-03E8-4D64-8094-4CF61E4CCD71}
	EndGlobalSection
	GlobalSection(ExtensibilityGlobals) = postSolution
		SolutionGuid = {45DA73FA-DA7C-4FB7-B83B-46316A4B8382}
	EndGlobalSection
EndGlobal
